// !$*UTF8*$!
{
	archiveVersion = 1;
	classes = {
	};
	objectVersion = 46;
	objects = {

/* Begin PBXBuildFile section */
		6E719FB21826FC6A0013271C /* Foundation.framework in Frameworks */ = {isa = PBXBuildFile; fileRef = 6E719FB11826FC6A0013271C /* Foundation.framework */; };
		6E719FB41826FC6A0013271C /* CoreGraphics.framework in Frameworks */ = {isa = PBXBuildFile; fileRef = 6E719FB31826FC6A0013271C /* CoreGraphics.framework */; };
		6E719FB61826FC6A0013271C /* UIKit.framework in Frameworks */ = {isa = PBXBuildFile; fileRef = 6E719FB51826FC6A0013271C /* UIKit.framework */; };
		6E719FBC1826FC6A0013271C /* InfoPlist.strings in Resources */ = {isa = PBXBuildFile; fileRef = 6E719FBA1826FC6A0013271C /* InfoPlist.strings */; };
		6E719FBE1826FC6A0013271C /* main.m in Sources */ = {isa = PBXBuildFile; fileRef = 6E719FBD1826FC6A0013271C /* main.m */; };
		6E719FC21826FC6A0013271C /* AppDelegate.m in Sources */ = {isa = PBXBuildFile; fileRef = 6E719FC11826FC6A0013271C /* AppDelegate.m */; };
		6E719FC51826FC6A0013271C /* Main.storyboard in Resources */ = {isa = PBXBuildFile; fileRef = 6E719FC31826FC6A0013271C /* Main.storyboard */; };
		6E719FC81826FC6A0013271C /* FirstViewController.m in Sources */ = {isa = PBXBuildFile; fileRef = 6E719FC71826FC6A0013271C /* FirstViewController.m */; };
		6E719FCB1826FC6A0013271C /* SecondViewController.m in Sources */ = {isa = PBXBuildFile; fileRef = 6E719FCA1826FC6A0013271C /* SecondViewController.m */; };
		6E719FCD1826FC6A0013271C /* Images.xcassets in Resources */ = {isa = PBXBuildFile; fileRef = 6E719FCC1826FC6A0013271C /* Images.xcassets */; };
		6E719FD41826FC6A0013271C /* XCTest.framework in Frameworks */ = {isa = PBXBuildFile; fileRef = 6E719FD31826FC6A0013271C /* XCTest.framework */; };
		6E719FD51826FC6A0013271C /* Foundation.framework in Frameworks */ = {isa = PBXBuildFile; fileRef = 6E719FB11826FC6A0013271C /* Foundation.framework */; };
		6E719FD61826FC6A0013271C /* UIKit.framework in Frameworks */ = {isa = PBXBuildFile; fileRef = 6E719FB51826FC6A0013271C /* UIKit.framework */; };
		6E719FDE1826FC6A0013271C /* InfoPlist.strings in Resources */ = {isa = PBXBuildFile; fileRef = 6E719FDC1826FC6A0013271C /* InfoPlist.strings */; };
		6E719FE01826FC6A0013271C /* iSeriesTests.m in Sources */ = {isa = PBXBuildFile; fileRef = 6E719FDF1826FC6A0013271C /* iSeriesTests.m */; };
/* End PBXBuildFile section */

/* Begin PBXContainerItemProxy section */
		6E719FD71826FC6A0013271C /* PBXContainerItemProxy */ = {
			isa = PBXContainerItemProxy;
			containerPortal = 6E719FA61826FC690013271C /* Project object */;
			proxyType = 1;
			remoteGlobalIDString = 6E719FAD1826FC6A0013271C;
			remoteInfo = iSeries;
		};
/* End PBXContainerItemProxy section */

/* Begin PBXFileReference section */
		6E719FAE1826FC6A0013271C /* iSeries.app */ = {isa = PBXFileReference; explicitFileType = wrapper.application; includeInIndex = 0; path = iSeries.app; sourceTree = BUILT_PRODUCTS_DIR; };
		6E719FB11826FC6A0013271C /* Foundation.framework */ = {isa = PBXFileReference; lastKnownFileType = wrapper.framework; name = Foundation.framework; path = System/Library/Frameworks/Foundation.framework; sourceTree = SDKROOT; };
		6E719FB31826FC6A0013271C /* CoreGraphics.framework */ = {isa = PBXFileReference; lastKnownFileType = wrapper.framework; name = CoreGraphics.framework; path = System/Library/Frameworks/CoreGraphics.framework; sourceTree = SDKROOT; };
		6E719FB51826FC6A0013271C /* UIKit.framework */ = {isa = PBXFileReference; lastKnownFileType = wrapper.framework; name = UIKit.framework; path = System/Library/Frameworks/UIKit.framework; sourceTree = SDKROOT; };
		6E719FB91826FC6A0013271C /* iSeries-Info.plist */ = {isa = PBXFileReference; lastKnownFileType = text.plist.xml; path = "iSeries-Info.plist"; sourceTree = "<group>"; };
		6E719FBB1826FC6A0013271C /* en */ = {isa = PBXFileReference; lastKnownFileType = text.plist.strings; name = en; path = en.lproj/InfoPlist.strings; sourceTree = "<group>"; };
		6E719FBD1826FC6A0013271C /* main.m */ = {isa = PBXFileReference; lastKnownFileType = sourcecode.c.objc; path = main.m; sourceTree = "<group>"; };
		6E719FBF1826FC6A0013271C /* iSeries-Prefix.pch */ = {isa = PBXFileReference; lastKnownFileType = sourcecode.c.h; path = "iSeries-Prefix.pch"; sourceTree = "<group>"; };
		6E719FC01826FC6A0013271C /* AppDelegate.h */ = {isa = PBXFileReference; lastKnownFileType = sourcecode.c.h; path = AppDelegate.h; sourceTree = "<group>"; };
		6E719FC11826FC6A0013271C /* AppDelegate.m */ = {isa = PBXFileReference; lastKnownFileType = sourcecode.c.objc; path = AppDelegate.m; sourceTree = "<group>"; };
		6E719FC41826FC6A0013271C /* Base */ = {isa = PBXFileReference; lastKnownFileType = file.storyboard; name = Base; path = Base.lproj/Main.storyboard; sourceTree = "<group>"; };
		6E719FC61826FC6A0013271C /* FirstViewController.h */ = {isa = PBXFileReference; lastKnownFileType = sourcecode.c.h; path = FirstViewController.h; sourceTree = "<group>"; };
		6E719FC71826FC6A0013271C /* FirstViewController.m */ = {isa = PBXFileReference; lastKnownFileType = sourcecode.c.objc; path = FirstViewController.m; sourceTree = "<group>"; };
		6E719FC91826FC6A0013271C /* SecondViewController.h */ = {isa = PBXFileReference; lastKnownFileType = sourcecode.c.h; path = SecondViewController.h; sourceTree = "<group>"; };
		6E719FCA1826FC6A0013271C /* SecondViewController.m */ = {isa = PBXFileReference; lastKnownFileType = sourcecode.c.objc; path = SecondViewController.m; sourceTree = "<group>"; };
		6E719FCC1826FC6A0013271C /* Images.xcassets */ = {isa = PBXFileReference; lastKnownFileType = folder.assetcatalog; path = Images.xcassets; sourceTree = "<group>"; };
		6E719FD21826FC6A0013271C /* iSeriesTests.xctest */ = {isa = PBXFileReference; explicitFileType = wrapper.cfbundle; includeInIndex = 0; path = iSeriesTests.xctest; sourceTree = BUILT_PRODUCTS_DIR; };
		6E719FD31826FC6A0013271C /* XCTest.framework */ = {isa = PBXFileReference; lastKnownFileType = wrapper.framework; name = XCTest.framework; path = Library/Frameworks/XCTest.framework; sourceTree = DEVELOPER_DIR; };
		6E719FDB1826FC6A0013271C /* iSeriesTests-Info.plist */ = {isa = PBXFileReference; lastKnownFileType = text.plist.xml; path = "iSeriesTests-Info.plist"; sourceTree = "<group>"; };
		6E719FDD1826FC6A0013271C /* en */ = {isa = PBXFileReference; lastKnownFileType = text.plist.strings; name = en; path = en.lproj/InfoPlist.strings; sourceTree = "<group>"; };
		6E719FDF1826FC6A0013271C /* iSeriesTests.m */ = {isa = PBXFileReference; lastKnownFileType = sourcecode.c.objc; path = iSeriesTests.m; sourceTree = "<group>"; };
/* End PBXFileReference section */

/* Begin PBXFrameworksBuildPhase section */
		6E719FAB1826FC6A0013271C /* Frameworks */ = {
			isa = PBXFrameworksBuildPhase;
			buildActionMask = 2147483647;
			files = (
				6E719FB41826FC6A0013271C /* CoreGraphics.framework in Frameworks */,
				6E719FB61826FC6A0013271C /* UIKit.framework in Frameworks */,
				6E719FB21826FC6A0013271C /* Foundation.framework in Frameworks */,
			);
			runOnlyForDeploymentPostprocessing = 0;
		};
		6E719FCF1826FC6A0013271C /* Frameworks */ = {
			isa = PBXFrameworksBuildPhase;
			buildActionMask = 2147483647;
			files = (
				6E719FD41826FC6A0013271C /* XCTest.framework in Frameworks */,
				6E719FD61826FC6A0013271C /* UIKit.framework in Frameworks */,
				6E719FD51826FC6A0013271C /* Foundation.framework in Frameworks */,
			);
			runOnlyForDeploymentPostprocessing = 0;
		};
/* End PBXFrameworksBuildPhase section */

/* Begin PBXGroup section */
		6E719FA51826FC690013271C = {
			isa = PBXGroup;
			children = (
				6E719FB71826FC6A0013271C /* iSeries */,
				6E719FD91826FC6A0013271C /* iSeriesTests */,
				6E719FB01826FC6A0013271C /* Frameworks */,
				6E719FAF1826FC6A0013271C /* Products */,
			);
			sourceTree = "<group>";
		};
		6E719FAF1826FC6A0013271C /* Products */ = {
			isa = PBXGroup;
			children = (
				6E719FAE1826FC6A0013271C /* iSeries.app */,
				6E719FD21826FC6A0013271C /* iSeriesTests.xctest */,
			);
			name = Products;
			sourceTree = "<group>";
		};
		6E719FB01826FC6A0013271C /* Frameworks */ = {
			isa = PBXGroup;
			children = (
				6E719FB11826FC6A0013271C /* Foundation.framework */,
				6E719FB31826FC6A0013271C /* CoreGraphics.framework */,
				6E719FB51826FC6A0013271C /* UIKit.framework */,
				6E719FD31826FC6A0013271C /* XCTest.framework */,
			);
			name = Frameworks;
			sourceTree = "<group>";
		};
		6E719FB71826FC6A0013271C /* iSeries */ = {
			isa = PBXGroup;
			children = (
				6E719FC01826FC6A0013271C /* AppDelegate.h */,
				6E719FC11826FC6A0013271C /* AppDelegate.m */,
				6E719FC31826FC6A0013271C /* Main.storyboard */,
				6E719FC61826FC6A0013271C /* FirstViewController.h */,
				6E719FC71826FC6A0013271C /* FirstViewController.m */,
				6E719FC91826FC6A0013271C /* SecondViewController.h */,
				6E719FCA1826FC6A0013271C /* SecondViewController.m */,
				6E719FCC1826FC6A0013271C /* Images.xcassets */,
				6E719FB81826FC6A0013271C /* Supporting Files */,
			);
			path = iSeries;
			sourceTree = "<group>";
		};
		6E719FB81826FC6A0013271C /* Supporting Files */ = {
			isa = PBXGroup;
			children = (
				6E719FB91826FC6A0013271C /* iSeries-Info.plist */,
				6E719FBA1826FC6A0013271C /* InfoPlist.strings */,
				6E719FBD1826FC6A0013271C /* main.m */,
				6E719FBF1826FC6A0013271C /* iSeries-Prefix.pch */,
			);
			name = "Supporting Files";
			sourceTree = "<group>";
		};
		6E719FD91826FC6A0013271C /* iSeriesTests */ = {
			isa = PBXGroup;
			children = (
				6E719FDF1826FC6A0013271C /* iSeriesTests.m */,
				6E719FDA1826FC6A0013271C /* Supporting Files */,
			);
			path = iSeriesTests;
			sourceTree = "<group>";
		};
		6E719FDA1826FC6A0013271C /* Supporting Files */ = {
			isa = PBXGroup;
			children = (
				6E719FDB1826FC6A0013271C /* iSeriesTests-Info.plist */,
				6E719FDC1826FC6A0013271C /* InfoPlist.strings */,
			);
			name = "Supporting Files";
			sourceTree = "<group>";
		};
/* End PBXGroup section */

/* Begin PBXNativeTarget section */
		6E719FAD1826FC6A0013271C /* iSeries */ = {
			isa = PBXNativeTarget;
			buildConfigurationList = 6E719FE31826FC6A0013271C /* Build configuration list for PBXNativeTarget "iSeries" */;
			buildPhases = (
				6E719FAA1826FC6A0013271C /* Sources */,
				6E719FAB1826FC6A0013271C /* Frameworks */,
				6E719FAC1826FC6A0013271C /* Resources */,
			);
			buildRules = (
			);
			dependencies = (
			);
			name = iSeries;
			productName = iSeries;
			productReference = 6E719FAE1826FC6A0013271C /* iSeries.app */;
			productType = "com.apple.product-type.application";
		};
		6E719FD11826FC6A0013271C /* iSeriesTests */ = {
			isa = PBXNativeTarget;
			buildConfigurationList = 6E719FE61826FC6A0013271C /* Build configuration list for PBXNativeTarget "iSeriesTests" */;
			buildPhases = (
				6E719FCE1826FC6A0013271C /* Sources */,
				6E719FCF1826FC6A0013271C /* Frameworks */,
				6E719FD01826FC6A0013271C /* Resources */,
			);
			buildRules = (
			);
			dependencies = (
				6E719FD81826FC6A0013271C /* PBXTargetDependency */,
			);
			name = iSeriesTests;
			productName = iSeriesTests;
			productReference = 6E719FD21826FC6A0013271C /* iSeriesTests.xctest */;
			productType = "com.apple.product-type.bundle.unit-test";
		};
/* End PBXNativeTarget section */

/* Begin PBXProject section */
		6E719FA61826FC690013271C /* Project object */ = {
			isa = PBXProject;
			attributes = {
				LastUpgradeCheck = 0500;
				ORGANIZATIONNAME = "Pablo Robles Sánchez";
				TargetAttributes = {
					6E719FD11826FC6A0013271C = {
						TestTargetID = 6E719FAD1826FC6A0013271C;
					};
				};
			};
			buildConfigurationList = 6E719FA91826FC690013271C /* Build configuration list for PBXProject "iSeries" */;
			compatibilityVersion = "Xcode 3.2";
			developmentRegion = English;
			hasScannedForEncodings = 0;
			knownRegions = (
				en,
				Base,
			);
			mainGroup = 6E719FA51826FC690013271C;
			productRefGroup = 6E719FAF1826FC6A0013271C /* Products */;
			projectDirPath = "";
			projectRoot = "";
			targets = (
				6E719FAD1826FC6A0013271C /* iSeries */,
				6E719FD11826FC6A0013271C /* iSeriesTests */,
			);
		};
/* End PBXProject section */

/* Begin PBXResourcesBuildPhase section */
		6E719FAC1826FC6A0013271C /* Resources */ = {
			isa = PBXResourcesBuildPhase;
			buildActionMask = 2147483647;
			files = (
				6E719FCD1826FC6A0013271C /* Images.xcassets in Resources */,
				6E719FBC1826FC6A0013271C /* InfoPlist.strings in Resources */,
				6E719FC51826FC6A0013271C /* Main.storyboard in Resources */,
			);
			runOnlyForDeploymentPostprocessing = 0;
		};
		6E719FD01826FC6A0013271C /* Resources */ = {
			isa = PBXResourcesBuildPhase;
			buildActionMask = 2147483647;
			files = (
				6E719FDE1826FC6A0013271C /* InfoPlist.strings in Resources */,
			);
			runOnlyForDeploymentPostprocessing = 0;
		};
/* End PBXResourcesBuildPhase section */

/* Begin PBXSourcesBuildPhase section */
		6E719FAA1826FC6A0013271C /* Sources */ = {
			isa = PBXSourcesBuildPhase;
			buildActionMask = 2147483647;
			files = (
				6E719FCB1826FC6A0013271C /* SecondViewController.m in Sources */,
				6E719FC21826FC6A0013271C /* AppDelegate.m in Sources */,
				6E719FC81826FC6A0013271C /* FirstViewController.m in Sources */,
				6E719FBE1826FC6A0013271C /* main.m in Sources */,
			);
			runOnlyForDeploymentPostprocessing = 0;
		};
		6E719FCE1826FC6A0013271C /* Sources */ = {
			isa = PBXSourcesBuildPhase;
			buildActionMask = 2147483647;
			files = (
				6E719FE01826FC6A0013271C /* iSeriesTests.m in Sources */,
			);
			runOnlyForDeploymentPostprocessing = 0;
		};
/* End PBXSourcesBuildPhase section */

/* Begin PBXTargetDependency section */
		6E719FD81826FC6A0013271C /* PBXTargetDependency */ = {
			isa = PBXTargetDependency;
			target = 6E719FAD1826FC6A0013271C /* iSeries */;
			targetProxy = 6E719FD71826FC6A0013271C /* PBXContainerItemProxy */;
		};
/* End PBXTargetDependency section */

/* Begin PBXVariantGroup section */
		6E719FBA1826FC6A0013271C /* InfoPlist.strings */ = {
			isa = PBXVariantGroup;
			children = (
				6E719FBB1826FC6A0013271C /* en */,
			);
			name = InfoPlist.strings;
			sourceTree = "<group>";
		};
		6E719FC31826FC6A0013271C /* Main.storyboard */ = {
			isa = PBXVariantGroup;
			children = (
				6E719FC41826FC6A0013271C /* Base */,
			);
			name = Main.storyboard;
			sourceTree = "<group>";
		};
		6E719FDC1826FC6A0013271C /* InfoPlist.strings */ = {
			isa = PBXVariantGroup;
			children = (
				6E719FDD1826FC6A0013271C /* en */,
			);
			name = InfoPlist.strings;
			sourceTree = "<group>";
		};
/* End PBXVariantGroup section */

/* Begin XCBuildConfiguration section */
		6E719FE11826FC6A0013271C /* Debug */ = {
			isa = XCBuildConfiguration;
			buildSettings = {
				ALWAYS_SEARCH_USER_PATHS = NO;
				ARCHS = "$(ARCHS_STANDARD_INCLUDING_64_BIT)";
				CLANG_CXX_LANGUAGE_STANDARD = "gnu++0x";
				CLANG_CXX_LIBRARY = "libc++";
				CLANG_ENABLE_MODULES = YES;
				CLANG_ENABLE_OBJC_ARC = YES;
				CLANG_WARN_BOOL_CONVERSION = YES;
				CLANG_WARN_CONSTANT_CONVERSION = YES;
				CLANG_WARN_DIRECT_OBJC_ISA_USAGE = YES_ERROR;
				CLANG_WARN_EMPTY_BODY = YES;
				CLANG_WARN_ENUM_CONVERSION = YES;
				CLANG_WARN_INT_CONVERSION = YES;
				CLANG_WARN_OBJC_ROOT_CLASS = YES_ERROR;
				CLANG_WARN__DUPLICATE_METHOD_MATCH = YES;
				"CODE_SIGN_IDENTITY[sdk=iphoneos*]" = "iPhone Developer";
				COPY_PHASE_STRIP = NO;
				GCC_C_LANGUAGE_STANDARD = gnu99;
				GCC_DYNAMIC_NO_PIC = NO;
				GCC_OPTIMIZATION_LEVEL = 0;
				GCC_PREPROCESSOR_DEFINITIONS = (
					"DEBUG=1",
					"$(inherited)",
				);
				GCC_SYMBOLS_PRIVATE_EXTERN = NO;
				GCC_WARN_64_TO_32_BIT_CONVERSION = YES;
				GCC_WARN_ABOUT_RETURN_TYPE = YES_ERROR;
				GCC_WARN_UNDECLARED_SELECTOR = YES;
				GCC_WARN_UNINITIALIZED_AUTOS = YES;
				GCC_WARN_UNUSED_FUNCTION = YES;
				GCC_WARN_UNUSED_VARIABLE = YES;
				IPHONEOS_DEPLOYMENT_TARGET = 7.0;
				ONLY_ACTIVE_ARCH = YES;
				SDKROOT = iphoneos;
			};
			name = Debug;
		};
		6E719FE21826FC6A0013271C /* Release */ = {
			isa = XCBuildConfiguration;
			buildSettings = {
				ALWAYS_SEARCH_USER_PATHS = NO;
				ARCHS = "$(ARCHS_STANDARD_INCLUDING_64_BIT)";
				CLANG_CXX_LANGUAGE_STANDARD = "gnu++0x";
				CLANG_CXX_LIBRARY = "libc++";
				CLANG_ENABLE_MODULES = YES;
				CLANG_ENABLE_OBJC_ARC = YES;
				CLANG_WARN_BOOL_CONVERSION = YES;
				CLANG_WARN_CONSTANT_CONVERSION = YES;
				CLANG_WARN_DIRECT_OBJC_ISA_USAGE = YES_ERROR;
				CLANG_WARN_EMPTY_BODY = YES;
				CLANG_WARN_ENUM_CONVERSION = YES;
				CLANG_WARN_INT_CONVERSION = YES;
				CLANG_WARN_OBJC_ROOT_CLASS = YES_ERROR;
				CLANG_WARN__DUPLICATE_METHOD_MATCH = YES;
				"CODE_SIGN_IDENTITY[sdk=iphoneos*]" = "iPhone Developer";
				COPY_PHASE_STRIP = YES;
				ENABLE_NS_ASSERTIONS = NO;
				GCC_C_LANGUAGE_STANDARD = gnu99;
				GCC_WARN_64_TO_32_BIT_CONVERSION = YES;
				GCC_WARN_ABOUT_RETURN_TYPE = YES_ERROR;
				GCC_WARN_UNDECLARED_SELECTOR = YES;
				GCC_WARN_UNINITIALIZED_AUTOS = YES;
				GCC_WARN_UNUSED_FUNCTION = YES;
				GCC_WARN_UNUSED_VARIABLE = YES;
				IPHONEOS_DEPLOYMENT_TARGET = 7.0;
				SDKROOT = iphoneos;
				VALIDATE_PRODUCT = YES;
			};
			name = Release;
		};
		6E719FE41826FC6A0013271C /* Debug */ = {
			isa = XCBuildConfiguration;
			buildSettings = {
				ASSETCATALOG_COMPILER_APPICON_NAME = AppIcon;
				ASSETCATALOG_COMPILER_LAUNCHIMAGE_NAME = LaunchImage;
				GCC_PRECOMPILE_PREFIX_HEADER = YES;
				GCC_PREFIX_HEADER = "iSeries/iSeries-Prefix.pch";
				INFOPLIST_FILE = "iSeries/iSeries-Info.plist";
				PRODUCT_NAME = "$(TARGET_NAME)";
				WRAPPER_EXTENSION = app;
			};
			name = Debug;
		};
		6E719FE51826FC6A0013271C /* Release */ = {
			isa = XCBuildConfiguration;
			buildSettings = {
				ASSETCATALOG_COMPILER_APPICON_NAME = AppIcon;
				ASSETCATALOG_COMPILER_LAUNCHIMAGE_NAME = LaunchImage;
				GCC_PRECOMPILE_PREFIX_HEADER = YES;
				GCC_PREFIX_HEADER = "iSeries/iSeries-Prefix.pch";
				INFOPLIST_FILE = "iSeries/iSeries-Info.plist";
				PRODUCT_NAME = "$(TARGET_NAME)";
				WRAPPER_EXTENSION = app;
			};
			name = Release;
		};
		6E719FE71826FC6A0013271C /* Debug */ = {
			isa = XCBuildConfiguration;
			buildSettings = {
				ARCHS = "$(ARCHS_STANDARD_INCLUDING_64_BIT)";
				BUNDLE_LOADER = "$(BUILT_PRODUCTS_DIR)/iSeries.app/iSeries";
				FRAMEWORK_SEARCH_PATHS = (
					"$(SDKROOT)/Developer/Library/Frameworks",
					"$(inherited)",
					"$(DEVELOPER_FRAMEWORKS_DIR)",
				);
				GCC_PRECOMPILE_PREFIX_HEADER = YES;
				GCC_PREFIX_HEADER = "iSeries/iSeries-Prefix.pch";
				GCC_PREPROCESSOR_DEFINITIONS = (
					"DEBUG=1",
					"$(inherited)",
				);
				INFOPLIST_FILE = "iSeriesTests/iSeriesTests-Info.plist";
				PRODUCT_NAME = "$(TARGET_NAME)";
				TEST_HOST = "$(BUNDLE_LOADER)";
				WRAPPER_EXTENSION = xctest;
			};
			name = Debug;
		};
		6E719FE81826FC6A0013271C /* Release */ = {
			isa = XCBuildConfiguration;
			buildSettings = {
				ARCHS = "$(ARCHS_STANDARD_INCLUDING_64_BIT)";
				BUNDLE_LOADER = "$(BUILT_PRODUCTS_DIR)/iSeries.app/iSeries";
				FRAMEWORK_SEARCH_PATHS = (
					"$(SDKROOT)/Developer/Library/Frameworks",
					"$(inherited)",
					"$(DEVELOPER_FRAMEWORKS_DIR)",
				);
				GCC_PRECOMPILE_PREFIX_HEADER = YES;
				GCC_PREFIX_HEADER = "iSeries/iSeries-Prefix.pch";
				INFOPLIST_FILE = "iSeriesTests/iSeriesTests-Info.plist";
				PRODUCT_NAME = "$(TARGET_NAME)";
				TEST_HOST = "$(BUNDLE_LOADER)";
				WRAPPER_EXTENSION = xctest;
			};
			name = Release;
		};
/* End XCBuildConfiguration section */

/* Begin XCConfigurationList section */
		6E719FA91826FC690013271C /* Build configuration list for PBXProject "iSeries" */ = {
			isa = XCConfigurationList;
			buildConfigurations = (
				6E719FE11826FC6A0013271C /* Debug */,
				6E719FE21826FC6A0013271C /* Release */,
			);
			defaultConfigurationIsVisible = 0;
			defaultConfigurationName = Release;
		};
		6E719FE31826FC6A0013271C /* Build configuration list for PBXNativeTarget "iSeries" */ = {
			isa = XCConfigurationList;
			buildConfigurations = (
				6E719FE41826FC6A0013271C /* Debug */,
				6E719FE51826FC6A0013271C /* Release */,
			);
			defaultConfigurationIsVisible = 0;
		};
		6E719FE61826FC6A0013271C /* Build configuration list for PBXNativeTarget "iSeriesTests" */ = {
			isa = XCConfigurationList;
			buildConfigurations = (
				6E719FE71826FC6A0013271C /* Debug */,
				6E719FE81826FC6A0013271C /* Release */,
			);
			defaultConfigurationIsVisible = 0;
		};
/* End XCConfigurationList section */
	};
	rootObject = 6E719FA61826FC690013271C /* Project object */;
}
